
Microsoft Visual Studio Solution File, Format Version 12.00
# Visual Studio 14
VisualStudioVersion = 14.0.24720.0
MinimumVisualStudioVersion = 10.0.40219.1
Project("{6989167D-11E4-40FE-8C1A-2192A86A7E90}") = "Project_Cavity", "Project_Cavity.vfproj", "{C4670360-DFA6-490E-8FE4-7B6FF7411E14}"
EndProject
Global
	GlobalSection(SolutionConfigurationPlatforms) = preSolution
		Debug|x86 = Debug|x86
		Release|x86 = Release|x86
	EndGlobalSection
	GlobalSection(ProjectConfigurationPlatforms) = postSolution
		{C4670360-DFA6-490E-8FE4-7B6FF7411E14}.Debug|x86.ActiveCfg = Debug|Win32
		{C4670360-DFA6-490E-8FE4-7B6FF7411E14}.Debug|x86.Build.0 = Debug|Win32
		{C4670360-DFA6-490E-8FE4-7B6FF7411E14}.Release|x86.ActiveCfg = Release|Win32
		{C4670360-DFA6-490E-8FE4-7B6FF7411E14}.Release|x86.Build.0 = Release|Win32
	EndGlobalSection
	GlobalSection(SolutionProperties) = preSolution
		HideSolutionNode = FALSE
	EndGlobalSection
EndGlobal
